{
 "name": "Lap-3-Project",
 "lockfileVersion": 3,
 "requires": true,
 "packages": {
  "": {
   "dependencies": {
    "cd..": "^0.0.0"
   }
  },
  "node_modules/cd..": {
   "version": "0.0.0",
   "resolved": "https://registry.npmjs.org/cd../-/cd..-0.0.0.tgz",
   "integrity": "sha512-XVvdL3KKvjOZxSW0bVc9vbmoLUmd5kZ9t6MtdHnm+YDZsihVGyWxMfBdQnesIUhTNkH2IwUquY/C4ed2s7gqvg==",
   "bin": {
    "math_example": "main.js"
   }
  }
 }
}
